
Microsoft Visual Studio Solution File, Format Version 12.00
# Visual Studio Version 17
VisualStudioVersion = 17.4.33122.133
MinimumVisualStudioVersion = 10.0.40219.1
Project("{FAE04EC0-301F-11D3-BF4B-00C04F79EFBC}") = "3Dsinemahocayapımı", "3Dsinemahocayapımı\3Dsinemahocayapımı.csproj", "{F153209A-3E76-452A-AFDC-F46A48FB052B}"
EndProject
Global
	GlobalSection(SolutionConfigurationPlatforms) = preSolution
		Debug|Any CPU = Debug|Any CPU
		Release|Any CPU = Release|Any CPU
	EndGlobalSection
	GlobalSection(ProjectConfigurationPlatforms) = postSolution
		{F153209A-3E76-452A-AFDC-F46A48FB052B}.Debug|Any CPU.ActiveCfg = Debug|Any CPU
		{F153209A-3E76-452A-AFDC-F46A48FB052B}.Debug|Any CPU.Build.0 = Debug|Any CPU
		{F153209A-3E76-452A-AFDC-F46A48FB052B}.Release|Any CPU.ActiveCfg = Release|Any CPU
		{F153209A-3E76-452A-AFDC-F46A48FB052B}.Release|Any CPU.Build.0 = Release|Any CPU
	EndGlobalSection
	GlobalSection(SolutionProperties) = preSolution
		HideSolutionNode = FALSE
	EndGlobalSection
	GlobalSection(ExtensibilityGlobals) = postSolution
		SolutionGuid = {E5C63184-D285-4725-B6DF-B0E05AFE7FBB}
	EndGlobalSection
EndGlobal
